
Microsoft Visual Studio Solution File, Format Version 12.00
# Visual Studio 2017
Project("{FAE04EC0-301F-11D3-BF4B-00C04F79EFBC}") = "SWARM", "SWARM.csproj", "{042B2956-68EE-2EBE-43A6-2D551E8F3FB5}"
EndProject
Project("{FAE04EC0-301F-11D3-BF4B-00C04F79EFBC}") = "SWARM.Plugins", "SWARM.Plugins.csproj", "{34764A38-6FE4-0430-5562-A0461D9790C2}"
EndProject
Project("{FAE04EC0-301F-11D3-BF4B-00C04F79EFBC}") = "SWARM.Editor.Plugins", "SWARM.Editor.Plugins.csproj", "{42276ADD-8B3B-D3D1-2ED2-D96D644CA293}"
EndProject
Project("{FAE04EC0-301F-11D3-BF4B-00C04F79EFBC}") = "SWARM.Editor", "SWARM.Editor.csproj", "{0A86ACC0-CA5D-2F1B-E7C1-5FC9AF5AE34A}"
EndProject
Global
	GlobalSection(SolutionConfigurationPlatforms) = preSolution
		Debug|Any CPU = Debug|Any CPU
		Release|Any CPU = Release|Any CPU
	EndGlobalSection
	GlobalSection(ProjectConfigurationPlatforms) = postSolution
		{042B2956-68EE-2EBE-43A6-2D551E8F3FB5}.Debug|Any CPU.ActiveCfg = Debug|Any CPU
		{042B2956-68EE-2EBE-43A6-2D551E8F3FB5}.Debug|Any CPU.Build.0 = Debug|Any CPU
		{042B2956-68EE-2EBE-43A6-2D551E8F3FB5}.Release|Any CPU.ActiveCfg = Release|Any CPU
		{042B2956-68EE-2EBE-43A6-2D551E8F3FB5}.Release|Any CPU.Build.0 = Release|Any CPU
		{34764A38-6FE4-0430-5562-A0461D9790C2}.Debug|Any CPU.ActiveCfg = Debug|Any CPU
		{34764A38-6FE4-0430-5562-A0461D9790C2}.Debug|Any CPU.Build.0 = Debug|Any CPU
		{34764A38-6FE4-0430-5562-A0461D9790C2}.Release|Any CPU.ActiveCfg = Release|Any CPU
		{34764A38-6FE4-0430-5562-A0461D9790C2}.Release|Any CPU.Build.0 = Release|Any CPU
		{42276ADD-8B3B-D3D1-2ED2-D96D644CA293}.Debug|Any CPU.ActiveCfg = Debug|Any CPU
		{42276ADD-8B3B-D3D1-2ED2-D96D644CA293}.Debug|Any CPU.Build.0 = Debug|Any CPU
		{42276ADD-8B3B-D3D1-2ED2-D96D644CA293}.Release|Any CPU.ActiveCfg = Release|Any CPU
		{42276ADD-8B3B-D3D1-2ED2-D96D644CA293}.Release|Any CPU.Build.0 = Release|Any CPU
		{0A86ACC0-CA5D-2F1B-E7C1-5FC9AF5AE34A}.Debug|Any CPU.ActiveCfg = Debug|Any CPU
		{0A86ACC0-CA5D-2F1B-E7C1-5FC9AF5AE34A}.Debug|Any CPU.Build.0 = Debug|Any CPU
		{0A86ACC0-CA5D-2F1B-E7C1-5FC9AF5AE34A}.Release|Any CPU.ActiveCfg = Release|Any CPU
		{0A86ACC0-CA5D-2F1B-E7C1-5FC9AF5AE34A}.Release|Any CPU.Build.0 = Release|Any CPU
	EndGlobalSection
	GlobalSection(SolutionProperties) = preSolution
		HideSolutionNode = FALSE
	EndGlobalSection
EndGlobal
