
Microsoft Visual Studio Solution File, Format Version 12.00
# Visual Studio 2017
Project("{FAE04EC0-301F-11D3-BF4B-00C04F79EFBC}") = "SWARM BUENO", "SWARM BUENO.csproj", "{71D583E3-DEB3-3210-1988-5856EEAE8C24}"
EndProject
Project("{FAE04EC0-301F-11D3-BF4B-00C04F79EFBC}") = "SWARM BUENO.Editor", "SWARM BUENO.Editor.csproj", "{C5C4F9DD-8F34-D624-1BAC-189F3243D57A}"
EndProject
Global
	GlobalSection(SolutionConfigurationPlatforms) = preSolution
		Debug|Any CPU = Debug|Any CPU
		Release|Any CPU = Release|Any CPU
	EndGlobalSection
	GlobalSection(ProjectConfigurationPlatforms) = postSolution
		{71D583E3-DEB3-3210-1988-5856EEAE8C24}.Debug|Any CPU.ActiveCfg = Debug|Any CPU
		{71D583E3-DEB3-3210-1988-5856EEAE8C24}.Debug|Any CPU.Build.0 = Debug|Any CPU
		{71D583E3-DEB3-3210-1988-5856EEAE8C24}.Release|Any CPU.ActiveCfg = Release|Any CPU
		{71D583E3-DEB3-3210-1988-5856EEAE8C24}.Release|Any CPU.Build.0 = Release|Any CPU
		{C5C4F9DD-8F34-D624-1BAC-189F3243D57A}.Debug|Any CPU.ActiveCfg = Debug|Any CPU
		{C5C4F9DD-8F34-D624-1BAC-189F3243D57A}.Debug|Any CPU.Build.0 = Debug|Any CPU
		{C5C4F9DD-8F34-D624-1BAC-189F3243D57A}.Release|Any CPU.ActiveCfg = Release|Any CPU
		{C5C4F9DD-8F34-D624-1BAC-189F3243D57A}.Release|Any CPU.Build.0 = Release|Any CPU
	EndGlobalSection
	GlobalSection(SolutionProperties) = preSolution
		HideSolutionNode = FALSE
	EndGlobalSection
EndGlobal
